// !$*UTF8*$!
{
	archiveVersion = 1;
	classes = {
	};
	objectVersion = 77;
	objects = {

/* Begin PBXBuildFile section */
		1F88C005A8E0BD5E83B1264F /* KeychainManager.swift in Sources */ = {isa = PBXBuildFile; fileRef = 82ABF212BACB4A77FD35F737 /* KeychainManager.swift */; };
		36CCD0E82E9DF2AB45D31E90 /* ContentView.swift in Sources */ = {isa = PBXBuildFile; fileRef = 8D6B0A984BB6C6341A08275A /* ContentView.swift */; };
		388198C7533C4C1A59BB3D36 /* OfflineView.swift in Sources */ = {isa = PBXBuildFile; fileRef = 7FDAE91A43597090B1CD8384 /* OfflineView.swift */; };
		644ED1847DADD07E0CC6607A /* LaunchScreen.swift in Sources */ = {isa = PBXBuildFile; fileRef = 33D19A3BB2C122B39CAE39E4 /* LaunchScreen.swift */; };
		6E4E4B0D6B4B8C978D224BCE /* SettingsSheetView.swift in Sources */ = {isa = PBXBuildFile; fileRef = C2DD8709F318C0FB5A7A96CB /* SettingsSheetView.swift */; };
		724CBBDBADEEB676791952D7 /* SwiftUI.framework in Frameworks */ = {isa = PBXBuildFile; fileRef = 522B23527B8FFD529D103B51 /* SwiftUI.framework */; };
		7748651778770C7D4F8954BE /* Task.swift in Sources */ = {isa = PBXBuildFile; fileRef = BF5EF88EF8E84C3446F643E7 /* Task.swift */; };
		80FD790219B3994DBA64B3C7 /* OpusWidget.swift in Sources */ = {isa = PBXBuildFile; fileRef = 9A0C418D7D5CDEA1D8ECCB7F /* OpusWidget.swift */; };
		89CE2BCBA1DFBED38D90A55A /* TaskRow.swift in Sources */ = {isa = PBXBuildFile; fileRef = 89CB14625CC370DABDE71E0A /* TaskRow.swift */; };
		97E85F6423C3050C700DEAF4 /* WidgetKit.framework in Frameworks */ = {isa = PBXBuildFile; fileRef = 729E8E0EA9170AD1E6A98929 /* WidgetKit.framework */; };
		A7848C8670836B14DC6AFB6C /* Assets.xcassets in Resources */ = {isa = PBXBuildFile; fileRef = 2BDEF695C7858ED47E181146 /* Assets.xcassets */; };
		AC4BD2F3EC1C463203FC7842 /* OpusWidget.appex in Embed Foundation Extensions */ = {isa = PBXBuildFile; fileRef = DDB8FD444C09577477DCA30A /* OpusWidget.appex */; settings = {ATTRIBUTES = (RemoveHeadersOnCopy, ); }; };
		AFE4609F167FD71711E8DE00 /* Project.swift in Sources */ = {isa = PBXBuildFile; fileRef = C78FD0A300CA2D37F03B3A4D /* Project.swift */; };
		B9BE38C158FB673B41AB25E0 /* OpusApp.swift in Sources */ = {isa = PBXBuildFile; fileRef = 358FABC8A6CA55FC301ACE84 /* OpusApp.swift */; };
		BBDA52436F45816959D2CB60 /* ProfileView.swift in Sources */ = {isa = PBXBuildFile; fileRef = 8F764D6C5E07DDE46CDCAE4A /* ProfileView.swift */; };
		C833D21CE9C1BC9FE08A2E82 /* OpusWebView.swift in Sources */ = {isa = PBXBuildFile; fileRef = 4C6DB25EF7E6ED056F1698B5 /* OpusWebView.swift */; };
		DEF3B37D10399ABD99446964 /* ProjectsView.swift in Sources */ = {isa = PBXBuildFile; fileRef = 99B54AF5127B993A392CA1CF /* ProjectsView.swift */; };
		E2853CFFCE89FC982E42B7F3 /* OnboardingView.swift in Sources */ = {isa = PBXBuildFile; fileRef = 36EFE5A40B985A0DF05F2C81 /* OnboardingView.swift */; };
		E5585EBC203ED63F88738E62 /* DashboardView.swift in Sources */ = {isa = PBXBuildFile; fileRef = 21BC6382C4295B3835290FEE /* DashboardView.swift */; };
		E6143ACB671B7180A0AA40F4 /* FocusView.swift in Sources */ = {isa = PBXBuildFile; fileRef = 5796CAE373DF4A0D3ED1193C /* FocusView.swift */; };
		EBC3AE64818BA983E6CB140B /* StatsCard.swift in Sources */ = {isa = PBXBuildFile; fileRef = 4241B9C73841E229B3573B82 /* StatsCard.swift */; };
		F36019374C16306DA81F75DB /* BottomNavigationBar.swift in Sources */ = {isa = PBXBuildFile; fileRef = 4C5C5AC4BDAE4A04672D4146 /* BottomNavigationBar.swift */; };
		FD73DC7EDDDA5182D9A03AA6 /* NotificationManager.swift in Sources */ = {isa = PBXBuildFile; fileRef = 32318EC35CE39735E1E1817E /* NotificationManager.swift */; };
/* End PBXBuildFile section */

/* Begin PBXContainerItemProxy section */
		2579DD58B22A421C7C569283 /* PBXContainerItemProxy */ = {
			isa = PBXContainerItemProxy;
			containerPortal = 1169B63C2BC10832380E61A9 /* Project object */;
			proxyType = 1;
			remoteGlobalIDString = 7F2AB55237837AF5FE868D5F;
			remoteInfo = OpusWidget;
		};
/* End PBXContainerItemProxy section */

/* Begin PBXCopyFilesBuildPhase section */
		E9030A7687DC1822828CB13A /* Embed Foundation Extensions */ = {
			isa = PBXCopyFilesBuildPhase;
			buildActionMask = 2147483647;
			dstPath = "";
			dstSubfolderSpec = 13;
			files = (
				AC4BD2F3EC1C463203FC7842 /* OpusWidget.appex in Embed Foundation Extensions */,
			);
			name = "Embed Foundation Extensions";
			runOnlyForDeploymentPostprocessing = 0;
		};
/* End PBXCopyFilesBuildPhase section */

/* Begin PBXFileReference section */
		0DE587C256DAC290D702E9F5 /* Opus.entitlements */ = {isa = PBXFileReference; lastKnownFileType = text.plist.entitlements; path = Opus.entitlements; sourceTree = "<group>"; };
		21BC6382C4295B3835290FEE /* DashboardView.swift */ = {isa = PBXFileReference; lastKnownFileType = sourcecode.swift; path = DashboardView.swift; sourceTree = "<group>"; };
		2BDEF695C7858ED47E181146 /* Assets.xcassets */ = {isa = PBXFileReference; lastKnownFileType = folder.assetcatalog; path = Assets.xcassets; sourceTree = "<group>"; };
		2ECD0DCCC9BDBEB805E4C139 /* Info.plist */ = {isa = PBXFileReference; lastKnownFileType = text.plist; path = Info.plist; sourceTree = "<group>"; };
		32318EC35CE39735E1E1817E /* NotificationManager.swift */ = {isa = PBXFileReference; lastKnownFileType = sourcecode.swift; path = NotificationManager.swift; sourceTree = "<group>"; };
		33D19A3BB2C122B39CAE39E4 /* LaunchScreen.swift */ = {isa = PBXFileReference; lastKnownFileType = sourcecode.swift; path = LaunchScreen.swift; sourceTree = "<group>"; };
		358FABC8A6CA55FC301ACE84 /* OpusApp.swift */ = {isa = PBXFileReference; lastKnownFileType = sourcecode.swift; path = OpusApp.swift; sourceTree = "<group>"; };
		36EFE5A40B985A0DF05F2C81 /* OnboardingView.swift */ = {isa = PBXFileReference; lastKnownFileType = sourcecode.swift; path = OnboardingView.swift; sourceTree = "<group>"; };
		4241B9C73841E229B3573B82 /* StatsCard.swift */ = {isa = PBXFileReference; lastKnownFileType = sourcecode.swift; path = StatsCard.swift; sourceTree = "<group>"; };
		4C5C5AC4BDAE4A04672D4146 /* BottomNavigationBar.swift */ = {isa = PBXFileReference; lastKnownFileType = sourcecode.swift; path = BottomNavigationBar.swift; sourceTree = "<group>"; };
		4C6DB25EF7E6ED056F1698B5 /* OpusWebView.swift */ = {isa = PBXFileReference; lastKnownFileType = sourcecode.swift; path = OpusWebView.swift; sourceTree = "<group>"; };
		522B23527B8FFD529D103B51 /* SwiftUI.framework */ = {isa = PBXFileReference; lastKnownFileType = wrapper.framework; name = SwiftUI.framework; path = System/Library/Frameworks/SwiftUI.framework; sourceTree = SDKROOT; };
		5796CAE373DF4A0D3ED1193C /* FocusView.swift */ = {isa = PBXFileReference; lastKnownFileType = sourcecode.swift; path = FocusView.swift; sourceTree = "<group>"; };
		583C31028B8A683F4B27FFDE /* Opus.app */ = {isa = PBXFileReference; includeInIndex = 0; lastKnownFileType = wrapper.application; path = Opus.app; sourceTree = BUILT_PRODUCTS_DIR; };
		729E8E0EA9170AD1E6A98929 /* WidgetKit.framework */ = {isa = PBXFileReference; lastKnownFileType = wrapper.framework; name = WidgetKit.framework; path = System/Library/Frameworks/WidgetKit.framework; sourceTree = SDKROOT; };
		742B65583B15ACAE6B5BF440 /* Info.plist */ = {isa = PBXFileReference; lastKnownFileType = text.plist; path = Info.plist; sourceTree = "<group>"; };
		7FDAE91A43597090B1CD8384 /* OfflineView.swift */ = {isa = PBXFileReference; lastKnownFileType = sourcecode.swift; path = OfflineView.swift; sourceTree = "<group>"; };
		82ABF212BACB4A77FD35F737 /* KeychainManager.swift */ = {isa = PBXFileReference; lastKnownFileType = sourcecode.swift; path = KeychainManager.swift; sourceTree = "<group>"; };
		89CB14625CC370DABDE71E0A /* TaskRow.swift */ = {isa = PBXFileReference; lastKnownFileType = sourcecode.swift; path = TaskRow.swift; sourceTree = "<group>"; };
		8D6B0A984BB6C6341A08275A /* ContentView.swift */ = {isa = PBXFileReference; lastKnownFileType = sourcecode.swift; path = ContentView.swift; sourceTree = "<group>"; };
		8F764D6C5E07DDE46CDCAE4A /* ProfileView.swift */ = {isa = PBXFileReference; lastKnownFileType = sourcecode.swift; path = ProfileView.swift; sourceTree = "<group>"; };
		99B54AF5127B993A392CA1CF /* ProjectsView.swift */ = {isa = PBXFileReference; lastKnownFileType = sourcecode.swift; path = ProjectsView.swift; sourceTree = "<group>"; };
		9A0C418D7D5CDEA1D8ECCB7F /* OpusWidget.swift */ = {isa = PBXFileReference; lastKnownFileType = sourcecode.swift; path = OpusWidget.swift; sourceTree = "<group>"; };
		BA13384981E7EC8D3A8F66D8 /* OpusWidget.entitlements */ = {isa = PBXFileReference; lastKnownFileType = text.plist.entitlements; path = OpusWidget.entitlements; sourceTree = "<group>"; };
		BF5EF88EF8E84C3446F643E7 /* Task.swift */ = {isa = PBXFileReference; lastKnownFileType = sourcecode.swift; path = Task.swift; sourceTree = "<group>"; };
		C2DD8709F318C0FB5A7A96CB /* SettingsSheetView.swift */ = {isa = PBXFileReference; lastKnownFileType = sourcecode.swift; path = SettingsSheetView.swift; sourceTree = "<group>"; };
		C78FD0A300CA2D37F03B3A4D /* Project.swift */ = {isa = PBXFileReference; lastKnownFileType = sourcecode.swift; path = Project.swift; sourceTree = "<group>"; };
		DDB8FD444C09577477DCA30A /* OpusWidget.appex */ = {isa = PBXFileReference; includeInIndex = 0; lastKnownFileType = "wrapper.app-extension"; path = OpusWidget.appex; sourceTree = BUILT_PRODUCTS_DIR; };
/* End PBXFileReference section */

/* Begin PBXFrameworksBuildPhase section */
		4E44E3B4414D739CCD0D6F37 /* Frameworks */ = {
			isa = PBXFrameworksBuildPhase;
			buildActionMask = 2147483647;
			files = (
				97E85F6423C3050C700DEAF4 /* WidgetKit.framework in Frameworks */,
				724CBBDBADEEB676791952D7 /* SwiftUI.framework in Frameworks */,
			);
			runOnlyForDeploymentPostprocessing = 0;
		};
/* End PBXFrameworksBuildPhase section */

/* Begin PBXGroup section */
		1830644642610856E23C1A83 /* Products */ = {
			isa = PBXGroup;
			children = (
				583C31028B8A683F4B27FFDE /* Opus.app */,
				DDB8FD444C09577477DCA30A /* OpusWidget.appex */,
			);
			name = Products;
			sourceTree = "<group>";
		};
		3CC353A7576B20586EF35A4F /* Models */ = {
			isa = PBXGroup;
			children = (
				C78FD0A300CA2D37F03B3A4D /* Project.swift */,
				BF5EF88EF8E84C3446F643E7 /* Task.swift */,
			);
			path = Models;
			sourceTree = "<group>";
		};
		483273D9E74DA56E86D4E955 /* Opus */ = {
			isa = PBXGroup;
			children = (
				2BDEF695C7858ED47E181146 /* Assets.xcassets */,
				8D6B0A984BB6C6341A08275A /* ContentView.swift */,
				742B65583B15ACAE6B5BF440 /* Info.plist */,
				33D19A3BB2C122B39CAE39E4 /* LaunchScreen.swift */,
				7FDAE91A43597090B1CD8384 /* OfflineView.swift */,
				0DE587C256DAC290D702E9F5 /* Opus.entitlements */,
				358FABC8A6CA55FC301ACE84 /* OpusApp.swift */,
				4C6DB25EF7E6ED056F1698B5 /* OpusWebView.swift */,
				3CC353A7576B20586EF35A4F /* Models */,
				5E3EBC16129AC5365C65E6DF /* Notifications */,
				486539F395F746E1EBB3B58C /* Security */,
				B437AF2DFF7E70D769E55E47 /* Views */,
			);
			path = Opus;
			sourceTree = "<group>";
		};
		486539F395F746E1EBB3B58C /* Security */ = {
			isa = PBXGroup;
			children = (
				82ABF212BACB4A77FD35F737 /* KeychainManager.swift */,
			);
			path = Security;
			sourceTree = "<group>";
		};
		5E3EBC16129AC5365C65E6DF /* Notifications */ = {
			isa = PBXGroup;
			children = (
				32318EC35CE39735E1E1817E /* NotificationManager.swift */,
			);
			path = Notifications;
			sourceTree = "<group>";
		};
		6B74230602D7CF10EEB5C393 = {
			isa = PBXGroup;
			children = (
				483273D9E74DA56E86D4E955 /* Opus */,
				CCFAB00DA0A99FE944E0F557 /* OpusWidget */,
				783C2B744360A46BD613F145 /* Frameworks */,
				1830644642610856E23C1A83 /* Products */,
			);
			sourceTree = "<group>";
		};
		783C2B744360A46BD613F145 /* Frameworks */ = {
			isa = PBXGroup;
			children = (
				522B23527B8FFD529D103B51 /* SwiftUI.framework */,
				729E8E0EA9170AD1E6A98929 /* WidgetKit.framework */,
			);
			name = Frameworks;
			sourceTree = "<group>";
		};
		B437AF2DFF7E70D769E55E47 /* Views */ = {
			isa = PBXGroup;
			children = (
				4C5C5AC4BDAE4A04672D4146 /* BottomNavigationBar.swift */,
				21BC6382C4295B3835290FEE /* DashboardView.swift */,
				5796CAE373DF4A0D3ED1193C /* FocusView.swift */,
				36EFE5A40B985A0DF05F2C81 /* OnboardingView.swift */,
				8F764D6C5E07DDE46CDCAE4A /* ProfileView.swift */,
				99B54AF5127B993A392CA1CF /* ProjectsView.swift */,
				C2DD8709F318C0FB5A7A96CB /* SettingsSheetView.swift */,
				4241B9C73841E229B3573B82 /* StatsCard.swift */,
				89CB14625CC370DABDE71E0A /* TaskRow.swift */,
			);
			path = Views;
			sourceTree = "<group>";
		};
		CCFAB00DA0A99FE944E0F557 /* OpusWidget */ = {
			isa = PBXGroup;
			children = (
				2ECD0DCCC9BDBEB805E4C139 /* Info.plist */,
				BA13384981E7EC8D3A8F66D8 /* OpusWidget.entitlements */,
				9A0C418D7D5CDEA1D8ECCB7F /* OpusWidget.swift */,
			);
			path = OpusWidget;
			sourceTree = "<group>";
		};
/* End PBXGroup section */

/* Begin PBXNativeTarget section */
		7F2AB55237837AF5FE868D5F /* OpusWidget */ = {
			isa = PBXNativeTarget;
			buildConfigurationList = 456EFE298581154C0AFE4DAC /* Build configuration list for PBXNativeTarget "OpusWidget" */;
			buildPhases = (
				09024C006831A0CE1EE83968 /* Sources */,
				4E44E3B4414D739CCD0D6F37 /* Frameworks */,
			);
			buildRules = (
			);
			dependencies = (
			);
			name = OpusWidget;
			packageProductDependencies = (
			);
			productName = OpusWidget;
			productReference = DDB8FD444C09577477DCA30A /* OpusWidget.appex */;
			productType = "com.apple.product-type.app-extension";
		};
		9350C7EEDBE93AFBE7F080ED /* Opus */ = {
			isa = PBXNativeTarget;
			buildConfigurationList = 705027EE4BF17704672281F0 /* Build configuration list for PBXNativeTarget "Opus" */;
			buildPhases = (
				9E9D22657124158E9826F0C4 /* Sources */,
				E43FD2205DB04BAEC9FA4435 /* Resources */,
				E9030A7687DC1822828CB13A /* Embed Foundation Extensions */,
			);
			buildRules = (
			);
			dependencies = (
				854C5288CF2A13D561C331C3 /* PBXTargetDependency */,
			);
			name = Opus;
			packageProductDependencies = (
			);
			productName = Opus;
			productReference = 583C31028B8A683F4B27FFDE /* Opus.app */;
			productType = "com.apple.product-type.application";
		};
/* End PBXNativeTarget section */

/* Begin PBXProject section */
		1169B63C2BC10832380E61A9 /* Project object */ = {
			isa = PBXProject;
			attributes = {
				BuildIndependentTargetsInParallel = YES;
				LastUpgradeCheck = 1600;
				TargetAttributes = {
					7F2AB55237837AF5FE868D5F = {
						DevelopmentTeam = 5HVXGMLSZ6;
						ProvisioningStyle = Automatic;
					};
					9350C7EEDBE93AFBE7F080ED = {
						DevelopmentTeam = 5HVXGMLSZ6;
						ProvisioningStyle = Automatic;
					};
				};
			};
			buildConfigurationList = 1297EB45C52D90F3C7A992CE /* Build configuration list for PBXProject "Opus" */;
			developmentRegion = en;
			hasScannedForEncodings = 0;
			knownRegions = (
				Base,
				en,
			);
			mainGroup = 6B74230602D7CF10EEB5C393;
			minimizedProjectReferenceProxies = 1;
			preferredProjectObjectVersion = 77;
			productRefGroup = 1830644642610856E23C1A83 /* Products */;
			projectDirPath = "";
			projectRoot = "";
			targets = (
				9350C7EEDBE93AFBE7F080ED /* Opus */,
				7F2AB55237837AF5FE868D5F /* OpusWidget */,
			);
		};
/* End PBXProject section */

/* Begin PBXResourcesBuildPhase section */
		E43FD2205DB04BAEC9FA4435 /* Resources */ = {
			isa = PBXResourcesBuildPhase;
			buildActionMask = 2147483647;
			files = (
				A7848C8670836B14DC6AFB6C /* Assets.xcassets in Resources */,
			);
			runOnlyForDeploymentPostprocessing = 0;
		};
/* End PBXResourcesBuildPhase section */

/* Begin PBXSourcesBuildPhase section */
		09024C006831A0CE1EE83968 /* Sources */ = {
			isa = PBXSourcesBuildPhase;
			buildActionMask = 2147483647;
			files = (
				80FD790219B3994DBA64B3C7 /* OpusWidget.swift in Sources */,
			);
			runOnlyForDeploymentPostprocessing = 0;
		};
		9E9D22657124158E9826F0C4 /* Sources */ = {
			isa = PBXSourcesBuildPhase;
			buildActionMask = 2147483647;
			files = (
				F36019374C16306DA81F75DB /* BottomNavigationBar.swift in Sources */,
				36CCD0E82E9DF2AB45D31E90 /* ContentView.swift in Sources */,
				E5585EBC203ED63F88738E62 /* DashboardView.swift in Sources */,
				E6143ACB671B7180A0AA40F4 /* FocusView.swift in Sources */,
				1F88C005A8E0BD5E83B1264F /* KeychainManager.swift in Sources */,
				644ED1847DADD07E0CC6607A /* LaunchScreen.swift in Sources */,
				FD73DC7EDDDA5182D9A03AA6 /* NotificationManager.swift in Sources */,
				388198C7533C4C1A59BB3D36 /* OfflineView.swift in Sources */,
				E2853CFFCE89FC982E42B7F3 /* OnboardingView.swift in Sources */,
				B9BE38C158FB673B41AB25E0 /* OpusApp.swift in Sources */,
				C833D21CE9C1BC9FE08A2E82 /* OpusWebView.swift in Sources */,
				BBDA52436F45816959D2CB60 /* ProfileView.swift in Sources */,
				AFE4609F167FD71711E8DE00 /* Project.swift in Sources */,
				DEF3B37D10399ABD99446964 /* ProjectsView.swift in Sources */,
				6E4E4B0D6B4B8C978D224BCE /* SettingsSheetView.swift in Sources */,
				EBC3AE64818BA983E6CB140B /* StatsCard.swift in Sources */,
				7748651778770C7D4F8954BE /* Task.swift in Sources */,
				89CE2BCBA1DFBED38D90A55A /* TaskRow.swift in Sources */,
			);
			runOnlyForDeploymentPostprocessing = 0;
		};
/* End PBXSourcesBuildPhase section */

/* Begin PBXTargetDependency section */
		854C5288CF2A13D561C331C3 /* PBXTargetDependency */ = {
			isa = PBXTargetDependency;
			target = 7F2AB55237837AF5FE868D5F /* OpusWidget */;
			targetProxy = 2579DD58B22A421C7C569283 /* PBXContainerItemProxy */;
		};
/* End PBXTargetDependency section */

/* Begin XCBuildConfiguration section */
		04E57D13C49A7FFD4FC1BB02 /* Release */ = {
			isa = XCBuildConfiguration;
			buildSettings = {
				ALWAYS_SEARCH_USER_PATHS = NO;
				CLANG_ANALYZER_NONNULL = YES;
				CLANG_ANALYZER_NUMBER_OBJECT_CONVERSION = YES_AGGRESSIVE;
				CLANG_CXX_LANGUAGE_STANDARD = "gnu++14";
				CLANG_CXX_LIBRARY = "libc++";
				CLANG_ENABLE_MODULES = YES;
				CLANG_ENABLE_OBJC_ARC = YES;
				CLANG_ENABLE_OBJC_WEAK = YES;
				CLANG_WARN_BLOCK_CAPTURE_AUTORELEASING = YES;
				CLANG_WARN_BOOL_CONVERSION = YES;
				CLANG_WARN_COMMA = YES;
				CLANG_WARN_CONSTANT_CONVERSION = YES;
				CLANG_WARN_DEPRECATED_OBJC_IMPLEMENTATIONS = YES;
				CLANG_WARN_DIRECT_OBJC_ISA_USAGE = YES_ERROR;
				CLANG_WARN_DOCUMENTATION_COMMENTS = YES;
				CLANG_WARN_EMPTY_BODY = YES;
				CLANG_WARN_ENUM_CONVERSION = YES;
				CLANG_WARN_INFINITE_RECURSION = YES;
				CLANG_WARN_INT_CONVERSION = YES;
				CLANG_WARN_NON_LITERAL_NULL_CONVERSION = YES;
				CLANG_WARN_OBJC_IMPLICIT_RETAIN_SELF = YES;
				CLANG_WARN_OBJC_LITERAL_CONVERSION = YES;
				CLANG_WARN_OBJC_ROOT_CLASS = YES_ERROR;
				CLANG_WARN_QUOTED_INCLUDE_IN_FRAMEWORK_HEADER = YES;
				CLANG_WARN_RANGE_LOOP_ANALYSIS = YES;
				CLANG_WARN_STRICT_PROTOTYPES = YES;
				CLANG_WARN_SUSPICIOUS_MOVE = YES;
				CLANG_WARN_UNGUARDED_AVAILABILITY = YES_AGGRESSIVE;
				CLANG_WARN_UNREACHABLE_CODE = YES;
				CLANG_WARN__DUPLICATE_METHOD_MATCH = YES;
				COPY_PHASE_STRIP = NO;
				CURRENT_PROJECT_VERSION = 22;
				DEBUG_INFORMATION_FORMAT = "dwarf-with-dsym";
				ENABLE_NS_ASSERTIONS = NO;
				ENABLE_PREVIEWS = YES;
				ENABLE_STRICT_OBJC_MSGSEND = YES;
				GCC_C_LANGUAGE_STANDARD = gnu11;
				GCC_NO_COMMON_BLOCKS = YES;
				GCC_WARN_64_TO_32_BIT_CONVERSION = YES;
				GCC_WARN_ABOUT_RETURN_TYPE = YES_ERROR;
				GCC_WARN_UNDECLARED_SELECTOR = YES;
				GCC_WARN_UNINITIALIZED_AUTOS = YES_AGGRESSIVE;
				GCC_WARN_UNUSED_FUNCTION = YES;
				GCC_WARN_UNUSED_VARIABLE = YES;
				IPHONEOS_DEPLOYMENT_TARGET = 17.0;
				MARKETING_VERSION = 1.0;
				MTL_ENABLE_DEBUG_INFO = NO;
				MTL_FAST_MATH = YES;
				PRODUCT_NAME = "$(TARGET_NAME)";
				SDKROOT = iphoneos;
				SWIFT_COMPILATION_MODE = wholemodule;
				SWIFT_OPTIMIZATION_LEVEL = "-O";
				SWIFT_VERSION = 5.9;
			};
			name = Release;
		};
		2D171C21BEEE690CE563BC56 /* Debug */ = {
			isa = XCBuildConfiguration;
			buildSettings = {
				APPLICATION_EXTENSION_API_ONLY = YES;
				CODE_SIGN_ENTITLEMENTS = OpusWidget/OpusWidget.entitlements;
				CODE_SIGN_STYLE = Automatic;
				CURRENT_PROJECT_VERSION = 22;
				DEBUG_INFORMATION_FORMAT = dwarf;
				DEVELOPMENT_TEAM = 5HVXGMLSZ6;
				INFOPLIST_FILE = OpusWidget/Info.plist;
				IPHONEOS_DEPLOYMENT_TARGET = 17.0;
				LD_RUNPATH_SEARCH_PATHS = (
					"$(inherited)",
					"@executable_path/Frameworks",
					"@executable_path/../../Frameworks",
				);
				MARKETING_VERSION = 1.0;
				PRODUCT_BUNDLE_IDENTIFIER = com.opus.betaapp.widget;
				PRODUCT_NAME = OpusWidget;
				SDKROOT = iphoneos;
				SWIFT_OPTIMIZATION_LEVEL = "-Onone";
				SWIFT_VERSION = 5.9;
				TARGETED_DEVICE_FAMILY = 1;
			};
			name = Debug;
		};
		591D9657B2848A2953ED0EA4 /* Release */ = {
			isa = XCBuildConfiguration;
			buildSettings = {
				ASSETCATALOG_COMPILER_APPICON_NAME = AppIcon;
				ASSETCATALOG_COMPILER_GLOBAL_ACCENT_COLOR_NAME = AccentColor;
				CODE_SIGN_ENTITLEMENTS = Opus/Opus.entitlements;
				CODE_SIGN_IDENTITY = "iPhone Developer";
				CODE_SIGN_STYLE = Automatic;
				CURRENT_PROJECT_VERSION = 22;
				DEBUG_INFORMATION_FORMAT = "dwarf-with-dsym";
				DEVELOPMENT_TEAM = 5HVXGMLSZ6;
				ENABLE_HARDENED_RUNTIME = YES;
				INFOPLIST_FILE = Opus/Info.plist;
				IPHONEOS_DEPLOYMENT_TARGET = 17.0;
				LD_RUNPATH_SEARCH_PATHS = (
					"$(inherited)",
					"@executable_path/Frameworks",
				);
				MARKETING_VERSION = 1.0;
				PRODUCT_BUNDLE_IDENTIFIER = com.opus.betaapp;
				PRODUCT_NAME = Opus;
				SDKROOT = iphoneos;
				SUPPORTS_MACCATALYST = NO;
				SWIFT_OPTIMIZATION_LEVEL = "-O";
				SWIFT_VERSION = 5.9;
				TARGETED_DEVICE_FAMILY = 1;
				VALIDATE_PRODUCT = YES;
			};
			name = Release;
		};
		6446CBAE79C8F190ADAA2264 /* Debug */ = {
			isa = XCBuildConfiguration;
			buildSettings = {
				ASSETCATALOG_COMPILER_APPICON_NAME = AppIcon;
				ASSETCATALOG_COMPILER_GLOBAL_ACCENT_COLOR_NAME = AccentColor;
				CODE_SIGN_ENTITLEMENTS = Opus/Opus.entitlements;
				CODE_SIGN_IDENTITY = "iPhone Developer";
				CODE_SIGN_STYLE = Automatic;
				CURRENT_PROJECT_VERSION = 22;
				DEBUG_INFORMATION_FORMAT = dwarf;
				DEVELOPMENT_TEAM = 5HVXGMLSZ6;
				ENABLE_HARDENED_RUNTIME = YES;
				INFOPLIST_FILE = Opus/Info.plist;
				IPHONEOS_DEPLOYMENT_TARGET = 17.0;
				LD_RUNPATH_SEARCH_PATHS = (
					"$(inherited)",
					"@executable_path/Frameworks",
				);
				MARKETING_VERSION = 1.0;
				PRODUCT_BUNDLE_IDENTIFIER = com.opus.betaapp;
				PRODUCT_NAME = Opus;
				SDKROOT = iphoneos;
				SUPPORTS_MACCATALYST = NO;
				SWIFT_OPTIMIZATION_LEVEL = "-Onone";
				SWIFT_VERSION = 5.9;
				TARGETED_DEVICE_FAMILY = 1;
			};
			name = Debug;
		};
		74AAC8C651E2CB6D0E2B7383 /* Release */ = {
			isa = XCBuildConfiguration;
			buildSettings = {
				APPLICATION_EXTENSION_API_ONLY = YES;
				CODE_SIGN_ENTITLEMENTS = OpusWidget/OpusWidget.entitlements;
				CODE_SIGN_STYLE = Automatic;
				CURRENT_PROJECT_VERSION = 22;
				DEBUG_INFORMATION_FORMAT = "dwarf-with-dsym";
				DEVELOPMENT_TEAM = 5HVXGMLSZ6;
				INFOPLIST_FILE = OpusWidget/Info.plist;
				IPHONEOS_DEPLOYMENT_TARGET = 17.0;
				LD_RUNPATH_SEARCH_PATHS = (
					"$(inherited)",
					"@executable_path/Frameworks",
					"@executable_path/../../Frameworks",
				);
				MARKETING_VERSION = 1.0;
				PRODUCT_BUNDLE_IDENTIFIER = com.opus.betaapp.widget;
				PRODUCT_NAME = OpusWidget;
				SDKROOT = iphoneos;
				SWIFT_OPTIMIZATION_LEVEL = "-O";
				SWIFT_VERSION = 5.9;
				TARGETED_DEVICE_FAMILY = 1;
				VALIDATE_PRODUCT = YES;
			};
			name = Release;
		};
		9BEFFA257B6AE81877D57971 /* Debug */ = {
			isa = XCBuildConfiguration;
			buildSettings = {
				ALWAYS_SEARCH_USER_PATHS = NO;
				CLANG_ANALYZER_NONNULL = YES;
				CLANG_ANALYZER_NUMBER_OBJECT_CONVERSION = YES_AGGRESSIVE;
				CLANG_CXX_LANGUAGE_STANDARD = "gnu++14";
				CLANG_CXX_LIBRARY = "libc++";
				CLANG_ENABLE_MODULES = YES;
				CLANG_ENABLE_OBJC_ARC = YES;
				CLANG_ENABLE_OBJC_WEAK = YES;
				CLANG_WARN_BLOCK_CAPTURE_AUTORELEASING = YES;
				CLANG_WARN_BOOL_CONVERSION = YES;
				CLANG_WARN_COMMA = YES;
				CLANG_WARN_CONSTANT_CONVERSION = YES;
				CLANG_WARN_DEPRECATED_OBJC_IMPLEMENTATIONS = YES;
				CLANG_WARN_DIRECT_OBJC_ISA_USAGE = YES_ERROR;
				CLANG_WARN_DOCUMENTATION_COMMENTS = YES;
				CLANG_WARN_EMPTY_BODY = YES;
				CLANG_WARN_ENUM_CONVERSION = YES;
				CLANG_WARN_INFINITE_RECURSION = YES;
				CLANG_WARN_INT_CONVERSION = YES;
				CLANG_WARN_NON_LITERAL_NULL_CONVERSION = YES;
				CLANG_WARN_OBJC_IMPLICIT_RETAIN_SELF = YES;
				CLANG_WARN_OBJC_LITERAL_CONVERSION = YES;
				CLANG_WARN_OBJC_ROOT_CLASS = YES_ERROR;
				CLANG_WARN_QUOTED_INCLUDE_IN_FRAMEWORK_HEADER = YES;
				CLANG_WARN_RANGE_LOOP_ANALYSIS = YES;
				CLANG_WARN_STRICT_PROTOTYPES = YES;
				CLANG_WARN_SUSPICIOUS_MOVE = YES;
				CLANG_WARN_UNGUARDED_AVAILABILITY = YES_AGGRESSIVE;
				CLANG_WARN_UNREACHABLE_CODE = YES;
				CLANG_WARN__DUPLICATE_METHOD_MATCH = YES;
				COPY_PHASE_STRIP = NO;
				CURRENT_PROJECT_VERSION = 22;
				DEBUG_INFORMATION_FORMAT = dwarf;
				ENABLE_PREVIEWS = YES;
				ENABLE_STRICT_OBJC_MSGSEND = YES;
				ENABLE_TESTABILITY = YES;
				GCC_C_LANGUAGE_STANDARD = gnu11;
				GCC_DYNAMIC_NO_PIC = NO;
				GCC_NO_COMMON_BLOCKS = YES;
				GCC_OPTIMIZATION_LEVEL = 0;
				GCC_PREPROCESSOR_DEFINITIONS = (
					"$(inherited)",
					"DEBUG=1",
				);
				GCC_WARN_64_TO_32_BIT_CONVERSION = YES;
				GCC_WARN_ABOUT_RETURN_TYPE = YES_ERROR;
				GCC_WARN_UNDECLARED_SELECTOR = YES;
				GCC_WARN_UNINITIALIZED_AUTOS = YES_AGGRESSIVE;
				GCC_WARN_UNUSED_FUNCTION = YES;
				GCC_WARN_UNUSED_VARIABLE = YES;
				IPHONEOS_DEPLOYMENT_TARGET = 17.0;
				MARKETING_VERSION = 1.0;
				MTL_ENABLE_DEBUG_INFO = INCLUDE_SOURCE;
				MTL_FAST_MATH = YES;
				ONLY_ACTIVE_ARCH = YES;
				PRODUCT_NAME = "$(TARGET_NAME)";
				SDKROOT = iphoneos;
				SWIFT_ACTIVE_COMPILATION_CONDITIONS = DEBUG;
				SWIFT_OPTIMIZATION_LEVEL = "-Onone";
				SWIFT_VERSION = 5.9;
			};
			name = Debug;
		};
/* End XCBuildConfiguration section */

/* Begin XCConfigurationList section */
		1297EB45C52D90F3C7A992CE /* Build configuration list for PBXProject "Opus" */ = {
			isa = XCConfigurationList;
			buildConfigurations = (
				9BEFFA257B6AE81877D57971 /* Debug */,
				04E57D13C49A7FFD4FC1BB02 /* Release */,
			);
			defaultConfigurationIsVisible = 0;
			defaultConfigurationName = Debug;
		};
		456EFE298581154C0AFE4DAC /* Build configuration list for PBXNativeTarget "OpusWidget" */ = {
			isa = XCConfigurationList;
			buildConfigurations = (
				2D171C21BEEE690CE563BC56 /* Debug */,
				74AAC8C651E2CB6D0E2B7383 /* Release */,
			);
			defaultConfigurationIsVisible = 0;
			defaultConfigurationName = Debug;
		};
		705027EE4BF17704672281F0 /* Build configuration list for PBXNativeTarget "Opus" */ = {
			isa = XCConfigurationList;
			buildConfigurations = (
				6446CBAE79C8F190ADAA2264 /* Debug */,
				591D9657B2848A2953ED0EA4 /* Release */,
			);
			defaultConfigurationIsVisible = 0;
			defaultConfigurationName = Debug;
		};
/* End XCConfigurationList section */
	};
	rootObject = 1169B63C2BC10832380E61A9 /* Project object */;
}
